
Microsoft Visual Studio Solution File, Format Version 12.00
# Visual Studio Version 17
VisualStudioVersion = 17.6.33815.320
MinimumVisualStudioVersion = 10.0.40219.1
Project("{9A19103F-16F7-4668-BE54-9A1E7A4F7556}") = "DesktopWidgets3", "DesktopWidgets3\DesktopWidgets3.csproj", "{BEFABADE-51CD-45AF-8C11-91598847FFAC}"
EndProject
Project("{9A19103F-16F7-4668-BE54-9A1E7A4F7556}") = "DesktopWidgets3.Core", "DesktopWidgets3.Core\DesktopWidgets3.Core.csproj", "{8B939610-E8B7-4B02-96DB-3B5C26AEF444}"
EndProject
Project("{9A19103F-16F7-4668-BE54-9A1E7A4F7556}") = "Files.Shared", "Files.Shared\Files.Shared.csproj", "{47CA90EF-4296-407E-A135-BBE8748E0D9D}"
EndProject
Project("{9A19103F-16F7-4668-BE54-9A1E7A4F7556}") = "Files.Core.Storage", "Files.Core.Storage\Files.Core.Storage.csproj", "{6C519B6D-BAE3-4C2E-B7AA-F5046C569032}"
EndProject
Project("{9A19103F-16F7-4668-BE54-9A1E7A4F7556}") = "Files.App.Storage", "Files.App.Storage\Files.App.Storage.csproj", "{73E6F65C-BDDD-458E-9488-1E7B8074D528}"
EndProject
Project("{9A19103F-16F7-4668-BE54-9A1E7A4F7556}") = "Files.App", "Files.App\Files.App.csproj", "{E7973A8D-D937-4EC5-B4E5-D859F3DCAD80}"
EndProject
Project("{9A19103F-16F7-4668-BE54-9A1E7A4F7556}") = "Clock", "Clock\Clock.csproj", "{93F159E6-FAA2-4F0E-AE44-E333895376AC}"
EndProject
Project("{9A19103F-16F7-4668-BE54-9A1E7A4F7556}") = "DesktopWidgets3.HardwareInfoProvider", "DesktopWidgets3.HardwareInfoProvider\DesktopWidgets3.HardwareInfoProvider.csproj", "{51621AFC-B275-448F-B611-E467C100712F}"
EndProject
Project("{9A19103F-16F7-4668-BE54-9A1E7A4F7556}") = "Files.Core.SourceGenerator", "Files.Core.SourceGenerator\Files.Core.SourceGenerator.csproj", "{3E989401-28D8-42F3-A688-D46D2388517B}"
EndProject
Project("{2150E333-8FDC-42A3-9474-1A3956D46DE8}") = "Solution Items", "Solution Items", "{FB32A1B4-C59F-4BC4-8923-CE6C9B077844}"
	ProjectSection(SolutionItems) = preProject
		.editorconfig = .editorconfig
		.gitattributes = .gitattributes
		.gitignore = .gitignore
		.vsconfig = .vsconfig
		LICENSE = LICENSE
		README.md = README.md
	EndProjectSection
EndProject
Project("{2150E333-8FDC-42A3-9474-1A3956D46DE8}") = "Widgets", "Widgets", "{EF8A937D-DD77-46B9-A1B0-19C08E50762E}"
EndProject
Project("{2150E333-8FDC-42A3-9474-1A3956D46DE8}") = "FilesWidget", "FilesWidget", "{4D9A7785-EBE5-463C-AE65-7F4C41BDBC4F}"
EndProject
Project("{2150E333-8FDC-42A3-9474-1A3956D46DE8}") = "ClockWidget", "ClockWidget", "{7782F2C7-02E5-4BF0-88B5-14536FE15004}"
EndProject
Project("{9A19103F-16F7-4668-BE54-9A1E7A4F7556}") = "DesktopWidgets3.Widget", "DesktopWidgets3.Widget\DesktopWidgets3.Widget.csproj", "{06B7ACD0-80E5-4293-B3EB-D51F702650C9}"
EndProject
Project("{9A19103F-16F7-4668-BE54-9A1E7A4F7556}") = "DesktopWidgets3.Widget.DigitalClock", "Widgets\DesktopWidgets3.Widget.DigitalClock\DesktopWidgets3.Widget.DigitalClock.csproj", "{1A64F540-7248-4F33-B743-FAB2E8AD2472}"
EndProject
Project("{9A19103F-16F7-4668-BE54-9A1E7A4F7556}") = "DesktopWidgets3.Core.Widgets", "DesktopWidgets3.Core.Widgets\DesktopWidgets3.Core.Widgets.csproj", "{DACBDD78-E8E9-4316-A2B2-7A2079237240}"
EndProject
Project("{9A19103F-16F7-4668-BE54-9A1E7A4F7556}") = "DesktopWidgets3.Infrastructure", "DesktopWidgets3.Infrastructure\DesktopWidgets3.Infrastructure.csproj", "{E02BCC08-49C6-49D1-867D-C66BD3E44B0B}"
EndProject
Global
	GlobalSection(SolutionConfigurationPlatforms) = preSolution
		Debug|Any CPU = Debug|Any CPU
		Debug|arm64 = Debug|arm64
		Debug|x64 = Debug|x64
		Debug|x86 = Debug|x86
		Preview|Any CPU = Preview|Any CPU
		Preview|arm64 = Preview|arm64
		Preview|x64 = Preview|x64
		Preview|x86 = Preview|x86
		Release|Any CPU = Release|Any CPU
		Release|arm64 = Release|arm64
		Release|x64 = Release|x64
		Release|x86 = Release|x86
		Stable|Any CPU = Stable|Any CPU
		Stable|arm64 = Stable|arm64
		Stable|x64 = Stable|x64
		Stable|x86 = Stable|x86
		Store|Any CPU = Store|Any CPU
		Store|arm64 = Store|arm64
		Store|x64 = Store|x64
		Store|x86 = Store|x86
	EndGlobalSection
	GlobalSection(ProjectConfigurationPlatforms) = postSolution
		{BEFABADE-51CD-45AF-8C11-91598847FFAC}.Debug|Any CPU.ActiveCfg = Debug|x64
		{BEFABADE-51CD-45AF-8C11-91598847FFAC}.Debug|Any CPU.Build.0 = Debug|x64
		{BEFABADE-51CD-45AF-8C11-91598847FFAC}.Debug|arm64.ActiveCfg = Debug|arm64
		{BEFABADE-51CD-45AF-8C11-91598847FFAC}.Debug|arm64.Build.0 = Debug|arm64
		{BEFABADE-51CD-45AF-8C11-91598847FFAC}.Debug|x64.ActiveCfg = Debug|x64
		{BEFABADE-51CD-45AF-8C11-91598847FFAC}.Debug|x64.Build.0 = Debug|x64
		{BEFABADE-51CD-45AF-8C11-91598847FFAC}.Debug|x64.Deploy.0 = Debug|x64
		{BEFABADE-51CD-45AF-8C11-91598847FFAC}.Debug|x86.ActiveCfg = Debug|x86
		{BEFABADE-51CD-45AF-8C11-91598847FFAC}.Debug|x86.Build.0 = Debug|x86
		{BEFABADE-51CD-45AF-8C11-91598847FFAC}.Preview|Any CPU.ActiveCfg = Release|x64
		{BEFABADE-51CD-45AF-8C11-91598847FFAC}.Preview|Any CPU.Build.0 = Release|x64
		{BEFABADE-51CD-45AF-8C11-91598847FFAC}.Preview|arm64.ActiveCfg = Release|arm64
		{BEFABADE-51CD-45AF-8C11-91598847FFAC}.Preview|arm64.Build.0 = Release|arm64
		{BEFABADE-51CD-45AF-8C11-91598847FFAC}.Preview|x64.ActiveCfg = Release|x64
		{BEFABADE-51CD-45AF-8C11-91598847FFAC}.Preview|x64.Build.0 = Release|x64
		{BEFABADE-51CD-45AF-8C11-91598847FFAC}.Preview|x86.ActiveCfg = Release|x86
		{BEFABADE-51CD-45AF-8C11-91598847FFAC}.Preview|x86.Build.0 = Release|x86
		{BEFABADE-51CD-45AF-8C11-91598847FFAC}.Release|Any CPU.ActiveCfg = Release|x64
		{BEFABADE-51CD-45AF-8C11-91598847FFAC}.Release|Any CPU.Build.0 = Release|x64
		{BEFABADE-51CD-45AF-8C11-91598847FFAC}.Release|arm64.ActiveCfg = Release|arm64
		{BEFABADE-51CD-45AF-8C11-91598847FFAC}.Release|arm64.Build.0 = Release|arm64
		{BEFABADE-51CD-45AF-8C11-91598847FFAC}.Release|x64.ActiveCfg = Release|x64
		{BEFABADE-51CD-45AF-8C11-91598847FFAC}.Release|x64.Build.0 = Release|x64
		{BEFABADE-51CD-45AF-8C11-91598847FFAC}.Release|x64.Deploy.0 = Release|x64
		{BEFABADE-51CD-45AF-8C11-91598847FFAC}.Release|x86.ActiveCfg = Release|x86
		{BEFABADE-51CD-45AF-8C11-91598847FFAC}.Release|x86.Build.0 = Release|x86
		{BEFABADE-51CD-45AF-8C11-91598847FFAC}.Stable|Any CPU.ActiveCfg = Release|x64
		{BEFABADE-51CD-45AF-8C11-91598847FFAC}.Stable|Any CPU.Build.0 = Release|x64
		{BEFABADE-51CD-45AF-8C11-91598847FFAC}.Stable|arm64.ActiveCfg = Release|arm64
		{BEFABADE-51CD-45AF-8C11-91598847FFAC}.Stable|arm64.Build.0 = Release|arm64
		{BEFABADE-51CD-45AF-8C11-91598847FFAC}.Stable|x64.ActiveCfg = Release|x64
		{BEFABADE-51CD-45AF-8C11-91598847FFAC}.Stable|x64.Build.0 = Release|x64
		{BEFABADE-51CD-45AF-8C11-91598847FFAC}.Stable|x86.ActiveCfg = Release|x86
		{BEFABADE-51CD-45AF-8C11-91598847FFAC}.Stable|x86.Build.0 = Release|x86
		{BEFABADE-51CD-45AF-8C11-91598847FFAC}.Store|Any CPU.ActiveCfg = Release|x64
		{BEFABADE-51CD-45AF-8C11-91598847FFAC}.Store|Any CPU.Build.0 = Release|x64
		{BEFABADE-51CD-45AF-8C11-91598847FFAC}.Store|arm64.ActiveCfg = Release|arm64
		{BEFABADE-51CD-45AF-8C11-91598847FFAC}.Store|arm64.Build.0 = Release|arm64
		{BEFABADE-51CD-45AF-8C11-91598847FFAC}.Store|x64.ActiveCfg = Release|x64
		{BEFABADE-51CD-45AF-8C11-91598847FFAC}.Store|x64.Build.0 = Release|x64
		{BEFABADE-51CD-45AF-8C11-91598847FFAC}.Store|x86.ActiveCfg = Release|x86
		{BEFABADE-51CD-45AF-8C11-91598847FFAC}.Store|x86.Build.0 = Release|x86
		{8B939610-E8B7-4B02-96DB-3B5C26AEF444}.Debug|Any CPU.ActiveCfg = Debug|x64
		{8B939610-E8B7-4B02-96DB-3B5C26AEF444}.Debug|Any CPU.Build.0 = Debug|x64
		{8B939610-E8B7-4B02-96DB-3B5C26AEF444}.Debug|arm64.ActiveCfg = Debug|arm64
		{8B939610-E8B7-4B02-96DB-3B5C26AEF444}.Debug|arm64.Build.0 = Debug|arm64
		{8B939610-E8B7-4B02-96DB-3B5C26AEF444}.Debug|x64.ActiveCfg = Debug|x64
		{8B939610-E8B7-4B02-96DB-3B5C26AEF444}.Debug|x64.Build.0 = Debug|x64
		{8B939610-E8B7-4B02-96DB-3B5C26AEF444}.Debug|x86.ActiveCfg = Debug|x86
		{8B939610-E8B7-4B02-96DB-3B5C26AEF444}.Debug|x86.Build.0 = Debug|x86
		{8B939610-E8B7-4B02-96DB-3B5C26AEF444}.Preview|Any CPU.ActiveCfg = Release|x64
		{8B939610-E8B7-4B02-96DB-3B5C26AEF444}.Preview|Any CPU.Build.0 = Release|x64
		{8B939610-E8B7-4B02-96DB-3B5C26AEF444}.Preview|arm64.ActiveCfg = Release|arm64
		{8B939610-E8B7-4B02-96DB-3B5C26AEF444}.Preview|arm64.Build.0 = Release|arm64
		{8B939610-E8B7-4B02-96DB-3B5C26AEF444}.Preview|x64.ActiveCfg = Release|x64
		{8B939610-E8B7-4B02-96DB-3B5C26AEF444}.Preview|x64.Build.0 = Release|x64
		{8B939610-E8B7-4B02-96DB-3B5C26AEF444}.Preview|x86.ActiveCfg = Release|x86
		{8B939610-E8B7-4B02-96DB-3B5C26AEF444}.Preview|x86.Build.0 = Release|x86
		{8B939610-E8B7-4B02-96DB-3B5C26AEF444}.Release|Any CPU.ActiveCfg = Release|x64
		{8B939610-E8B7-4B02-96DB-3B5C26AEF444}.Release|Any CPU.Build.0 = Release|x64
		{8B939610-E8B7-4B02-96DB-3B5C26AEF444}.Release|arm64.ActiveCfg = Release|arm64
		{8B939610-E8B7-4B02-96DB-3B5C26AEF444}.Release|arm64.Build.0 = Release|arm64
		{8B939610-E8B7-4B02-96DB-3B5C26AEF444}.Release|x64.ActiveCfg = Release|x64
		{8B939610-E8B7-4B02-96DB-3B5C26AEF444}.Release|x64.Build.0 = Release|x64
		{8B939610-E8B7-4B02-96DB-3B5C26AEF444}.Release|x86.ActiveCfg = Release|x86
		{8B939610-E8B7-4B02-96DB-3B5C26AEF444}.Release|x86.Build.0 = Release|x86
		{8B939610-E8B7-4B02-96DB-3B5C26AEF444}.Stable|Any CPU.ActiveCfg = Release|x64
		{8B939610-E8B7-4B02-96DB-3B5C26AEF444}.Stable|Any CPU.Build.0 = Release|x64
		{8B939610-E8B7-4B02-96DB-3B5C26AEF444}.Stable|arm64.ActiveCfg = Release|arm64
		{8B939610-E8B7-4B02-96DB-3B5C26AEF444}.Stable|arm64.Build.0 = Release|arm64
		{8B939610-E8B7-4B02-96DB-3B5C26AEF444}.Stable|x64.ActiveCfg = Release|x64
		{8B939610-E8B7-4B02-96DB-3B5C26AEF444}.Stable|x64.Build.0 = Release|x64
		{8B939610-E8B7-4B02-96DB-3B5C26AEF444}.Stable|x86.ActiveCfg = Release|x86
		{8B939610-E8B7-4B02-96DB-3B5C26AEF444}.Stable|x86.Build.0 = Release|x86
		{8B939610-E8B7-4B02-96DB-3B5C26AEF444}.Store|Any CPU.ActiveCfg = Release|x64
		{8B939610-E8B7-4B02-96DB-3B5C26AEF444}.Store|Any CPU.Build.0 = Release|x64
		{8B939610-E8B7-4B02-96DB-3B5C26AEF444}.Store|arm64.ActiveCfg = Release|arm64
		{8B939610-E8B7-4B02-96DB-3B5C26AEF444}.Store|arm64.Build.0 = Release|arm64
		{8B939610-E8B7-4B02-96DB-3B5C26AEF444}.Store|x64.ActiveCfg = Release|x64
		{8B939610-E8B7-4B02-96DB-3B5C26AEF444}.Store|x64.Build.0 = Release|x64
		{8B939610-E8B7-4B02-96DB-3B5C26AEF444}.Store|x86.ActiveCfg = Release|x86
		{8B939610-E8B7-4B02-96DB-3B5C26AEF444}.Store|x86.Build.0 = Release|x86
		{47CA90EF-4296-407E-A135-BBE8748E0D9D}.Debug|Any CPU.ActiveCfg = Debug|x64
		{47CA90EF-4296-407E-A135-BBE8748E0D9D}.Debug|Any CPU.Build.0 = Debug|x64
		{47CA90EF-4296-407E-A135-BBE8748E0D9D}.Debug|arm64.ActiveCfg = Debug|arm64
		{47CA90EF-4296-407E-A135-BBE8748E0D9D}.Debug|arm64.Build.0 = Debug|arm64
		{47CA90EF-4296-407E-A135-BBE8748E0D9D}.Debug|x64.ActiveCfg = Debug|x64
		{47CA90EF-4296-407E-A135-BBE8748E0D9D}.Debug|x64.Build.0 = Debug|x64
		{47CA90EF-4296-407E-A135-BBE8748E0D9D}.Debug|x86.ActiveCfg = Debug|x86
		{47CA90EF-4296-407E-A135-BBE8748E0D9D}.Debug|x86.Build.0 = Debug|x86
		{47CA90EF-4296-407E-A135-BBE8748E0D9D}.Preview|Any CPU.ActiveCfg = Preview|x64
		{47CA90EF-4296-407E-A135-BBE8748E0D9D}.Preview|Any CPU.Build.0 = Preview|x64
		{47CA90EF-4296-407E-A135-BBE8748E0D9D}.Preview|arm64.ActiveCfg = Preview|arm64
		{47CA90EF-4296-407E-A135-BBE8748E0D9D}.Preview|arm64.Build.0 = Preview|arm64
		{47CA90EF-4296-407E-A135-BBE8748E0D9D}.Preview|x64.ActiveCfg = Preview|x64
		{47CA90EF-4296-407E-A135-BBE8748E0D9D}.Preview|x64.Build.0 = Preview|x64
		{47CA90EF-4296-407E-A135-BBE8748E0D9D}.Preview|x86.ActiveCfg = Preview|x86
		{47CA90EF-4296-407E-A135-BBE8748E0D9D}.Preview|x86.Build.0 = Preview|x86
		{47CA90EF-4296-407E-A135-BBE8748E0D9D}.Release|Any CPU.ActiveCfg = Release|x64
		{47CA90EF-4296-407E-A135-BBE8748E0D9D}.Release|Any CPU.Build.0 = Release|x64
		{47CA90EF-4296-407E-A135-BBE8748E0D9D}.Release|arm64.ActiveCfg = Release|arm64
		{47CA90EF-4296-407E-A135-BBE8748E0D9D}.Release|arm64.Build.0 = Release|arm64
		{47CA90EF-4296-407E-A135-BBE8748E0D9D}.Release|x64.ActiveCfg = Release|x64
		{47CA90EF-4296-407E-A135-BBE8748E0D9D}.Release|x64.Build.0 = Release|x64
		{47CA90EF-4296-407E-A135-BBE8748E0D9D}.Release|x86.ActiveCfg = Release|x86
		{47CA90EF-4296-407E-A135-BBE8748E0D9D}.Release|x86.Build.0 = Release|x86
		{47CA90EF-4296-407E-A135-BBE8748E0D9D}.Stable|Any CPU.ActiveCfg = Stable|x64
		{47CA90EF-4296-407E-A135-BBE8748E0D9D}.Stable|Any CPU.Build.0 = Stable|x64
		{47CA90EF-4296-407E-A135-BBE8748E0D9D}.Stable|arm64.ActiveCfg = Stable|arm64
		{47CA90EF-4296-407E-A135-BBE8748E0D9D}.Stable|arm64.Build.0 = Stable|arm64
		{47CA90EF-4296-407E-A135-BBE8748E0D9D}.Stable|x64.ActiveCfg = Stable|x64
		{47CA90EF-4296-407E-A135-BBE8748E0D9D}.Stable|x64.Build.0 = Stable|x64
		{47CA90EF-4296-407E-A135-BBE8748E0D9D}.Stable|x86.ActiveCfg = Stable|x86
		{47CA90EF-4296-407E-A135-BBE8748E0D9D}.Stable|x86.Build.0 = Stable|x86
		{47CA90EF-4296-407E-A135-BBE8748E0D9D}.Store|Any CPU.ActiveCfg = Store|x64
		{47CA90EF-4296-407E-A135-BBE8748E0D9D}.Store|Any CPU.Build.0 = Store|x64
		{47CA90EF-4296-407E-A135-BBE8748E0D9D}.Store|arm64.ActiveCfg = Store|arm64
		{47CA90EF-4296-407E-A135-BBE8748E0D9D}.Store|arm64.Build.0 = Store|arm64
		{47CA90EF-4296-407E-A135-BBE8748E0D9D}.Store|x64.ActiveCfg = Store|x64
		{47CA90EF-4296-407E-A135-BBE8748E0D9D}.Store|x64.Build.0 = Store|x64
		{47CA90EF-4296-407E-A135-BBE8748E0D9D}.Store|x86.ActiveCfg = Store|x86
		{47CA90EF-4296-407E-A135-BBE8748E0D9D}.Store|x86.Build.0 = Store|x86
		{6C519B6D-BAE3-4C2E-B7AA-F5046C569032}.Debug|Any CPU.ActiveCfg = Debug|x64
		{6C519B6D-BAE3-4C2E-B7AA-F5046C569032}.Debug|Any CPU.Build.0 = Debug|x64
		{6C519B6D-BAE3-4C2E-B7AA-F5046C569032}.Debug|arm64.ActiveCfg = Debug|arm64
		{6C519B6D-BAE3-4C2E-B7AA-F5046C569032}.Debug|arm64.Build.0 = Debug|arm64
		{6C519B6D-BAE3-4C2E-B7AA-F5046C569032}.Debug|x64.ActiveCfg = Debug|x64
		{6C519B6D-BAE3-4C2E-B7AA-F5046C569032}.Debug|x64.Build.0 = Debug|x64
		{6C519B6D-BAE3-4C2E-B7AA-F5046C569032}.Debug|x86.ActiveCfg = Debug|x86
		{6C519B6D-BAE3-4C2E-B7AA-F5046C569032}.Debug|x86.Build.0 = Debug|x86
		{6C519B6D-BAE3-4C2E-B7AA-F5046C569032}.Preview|Any CPU.ActiveCfg = Preview|x64
		{6C519B6D-BAE3-4C2E-B7AA-F5046C569032}.Preview|Any CPU.Build.0 = Preview|x64
		{6C519B6D-BAE3-4C2E-B7AA-F5046C569032}.Preview|arm64.ActiveCfg = Preview|arm64
		{6C519B6D-BAE3-4C2E-B7AA-F5046C569032}.Preview|arm64.Build.0 = Preview|arm64
		{6C519B6D-BAE3-4C2E-B7AA-F5046C569032}.Preview|x64.ActiveCfg = Preview|x64
		{6C519B6D-BAE3-4C2E-B7AA-F5046C569032}.Preview|x64.Build.0 = Preview|x64
		{6C519B6D-BAE3-4C2E-B7AA-F5046C569032}.Preview|x86.ActiveCfg = Preview|x86
		{6C519B6D-BAE3-4C2E-B7AA-F5046C569032}.Preview|x86.Build.0 = Preview|x86
		{6C519B6D-BAE3-4C2E-B7AA-F5046C569032}.Release|Any CPU.ActiveCfg = Release|x64
		{6C519B6D-BAE3-4C2E-B7AA-F5046C569032}.Release|Any CPU.Build.0 = Release|x64
		{6C519B6D-BAE3-4C2E-B7AA-F5046C569032}.Release|arm64.ActiveCfg = Release|arm64
		{6C519B6D-BAE3-4C2E-B7AA-F5046C569032}.Release|arm64.Build.0 = Release|arm64
		{6C519B6D-BAE3-4C2E-B7AA-F5046C569032}.Release|x64.ActiveCfg = Release|x64
		{6C519B6D-BAE3-4C2E-B7AA-F5046C569032}.Release|x64.Build.0 = Release|x64
		{6C519B6D-BAE3-4C2E-B7AA-F5046C569032}.Release|x86.ActiveCfg = Release|x86
		{6C519B6D-BAE3-4C2E-B7AA-F5046C569032}.Release|x86.Build.0 = Release|x86
		{6C519B6D-BAE3-4C2E-B7AA-F5046C569032}.Stable|Any CPU.ActiveCfg = Stable|x64
		{6C519B6D-BAE3-4C2E-B7AA-F5046C569032}.Stable|Any CPU.Build.0 = Stable|x64
		{6C519B6D-BAE3-4C2E-B7AA-F5046C569032}.Stable|arm64.ActiveCfg = Stable|arm64
		{6C519B6D-BAE3-4C2E-B7AA-F5046C569032}.Stable|arm64.Build.0 = Stable|arm64
		{6C519B6D-BAE3-4C2E-B7AA-F5046C569032}.Stable|x64.ActiveCfg = Stable|x64
		{6C519B6D-BAE3-4C2E-B7AA-F5046C569032}.Stable|x64.Build.0 = Stable|x64
		{6C519B6D-BAE3-4C2E-B7AA-F5046C569032}.Stable|x86.ActiveCfg = Stable|x86
		{6C519B6D-BAE3-4C2E-B7AA-F5046C569032}.Stable|x86.Build.0 = Stable|x86
		{6C519B6D-BAE3-4C2E-B7AA-F5046C569032}.Store|Any CPU.ActiveCfg = Store|x64
		{6C519B6D-BAE3-4C2E-B7AA-F5046C569032}.Store|Any CPU.Build.0 = Store|x64
		{6C519B6D-BAE3-4C2E-B7AA-F5046C569032}.Store|arm64.ActiveCfg = Store|arm64
		{6C519B6D-BAE3-4C2E-B7AA-F5046C569032}.Store|arm64.Build.0 = Store|arm64
		{6C519B6D-BAE3-4C2E-B7AA-F5046C569032}.Store|x64.ActiveCfg = Store|x64
		{6C519B6D-BAE3-4C2E-B7AA-F5046C569032}.Store|x64.Build.0 = Store|x64
		{6C519B6D-BAE3-4C2E-B7AA-F5046C569032}.Store|x86.ActiveCfg = Store|x86
		{6C519B6D-BAE3-4C2E-B7AA-F5046C569032}.Store|x86.Build.0 = Store|x86
		{73E6F65C-BDDD-458E-9488-1E7B8074D528}.Debug|Any CPU.ActiveCfg = Debug|x64
		{73E6F65C-BDDD-458E-9488-1E7B8074D528}.Debug|Any CPU.Build.0 = Debug|x64
		{73E6F65C-BDDD-458E-9488-1E7B8074D528}.Debug|arm64.ActiveCfg = Debug|arm64
		{73E6F65C-BDDD-458E-9488-1E7B8074D528}.Debug|arm64.Build.0 = Debug|arm64
		{73E6F65C-BDDD-458E-9488-1E7B8074D528}.Debug|x64.ActiveCfg = Debug|x64
		{73E6F65C-BDDD-458E-9488-1E7B8074D528}.Debug|x64.Build.0 = Debug|x64
		{73E6F65C-BDDD-458E-9488-1E7B8074D528}.Debug|x86.ActiveCfg = Debug|x86
		{73E6F65C-BDDD-458E-9488-1E7B8074D528}.Debug|x86.Build.0 = Debug|x86
		{73E6F65C-BDDD-458E-9488-1E7B8074D528}.Preview|Any CPU.ActiveCfg = Preview|x64
		{73E6F65C-BDDD-458E-9488-1E7B8074D528}.Preview|Any CPU.Build.0 = Preview|x64
		{73E6F65C-BDDD-458E-9488-1E7B8074D528}.Preview|arm64.ActiveCfg = Preview|arm64
		{73E6F65C-BDDD-458E-9488-1E7B8074D528}.Preview|arm64.Build.0 = Preview|arm64
		{73E6F65C-BDDD-458E-9488-1E7B8074D528}.Preview|x64.ActiveCfg = Preview|x64
		{73E6F65C-BDDD-458E-9488-1E7B8074D528}.Preview|x64.Build.0 = Preview|x64
		{73E6F65C-BDDD-458E-9488-1E7B8074D528}.Preview|x86.ActiveCfg = Preview|x86
		{73E6F65C-BDDD-458E-9488-1E7B8074D528}.Preview|x86.Build.0 = Preview|x86
		{73E6F65C-BDDD-458E-9488-1E7B8074D528}.Release|Any CPU.ActiveCfg = Release|x64
		{73E6F65C-BDDD-458E-9488-1E7B8074D528}.Release|Any CPU.Build.0 = Release|x64
		{73E6F65C-BDDD-458E-9488-1E7B8074D528}.Release|arm64.ActiveCfg = Release|arm64
		{73E6F65C-BDDD-458E-9488-1E7B8074D528}.Release|arm64.Build.0 = Release|arm64
		{73E6F65C-BDDD-458E-9488-1E7B8074D528}.Release|x64.ActiveCfg = Release|x64
		{73E6F65C-BDDD-458E-9488-1E7B8074D528}.Release|x64.Build.0 = Release|x64
		{73E6F65C-BDDD-458E-9488-1E7B8074D528}.Release|x86.ActiveCfg = Release|x86
		{73E6F65C-BDDD-458E-9488-1E7B8074D528}.Release|x86.Build.0 = Release|x86
		{73E6F65C-BDDD-458E-9488-1E7B8074D528}.Stable|Any CPU.ActiveCfg = Stable|x64
		{73E6F65C-BDDD-458E-9488-1E7B8074D528}.Stable|Any CPU.Build.0 = Stable|x64
		{73E6F65C-BDDD-458E-9488-1E7B8074D528}.Stable|arm64.ActiveCfg = Stable|arm64
		{73E6F65C-BDDD-458E-9488-1E7B8074D528}.Stable|arm64.Build.0 = Stable|arm64
		{73E6F65C-BDDD-458E-9488-1E7B8074D528}.Stable|x64.ActiveCfg = Stable|x64
		{73E6F65C-BDDD-458E-9488-1E7B8074D528}.Stable|x64.Build.0 = Stable|x64
		{73E6F65C-BDDD-458E-9488-1E7B8074D528}.Stable|x86.ActiveCfg = Stable|x86
		{73E6F65C-BDDD-458E-9488-1E7B8074D528}.Stable|x86.Build.0 = Stable|x86
		{73E6F65C-BDDD-458E-9488-1E7B8074D528}.Store|Any CPU.ActiveCfg = Store|x64
		{73E6F65C-BDDD-458E-9488-1E7B8074D528}.Store|Any CPU.Build.0 = Store|x64
		{73E6F65C-BDDD-458E-9488-1E7B8074D528}.Store|arm64.ActiveCfg = Store|arm64
		{73E6F65C-BDDD-458E-9488-1E7B8074D528}.Store|arm64.Build.0 = Store|arm64
		{73E6F65C-BDDD-458E-9488-1E7B8074D528}.Store|x64.ActiveCfg = Store|x64
		{73E6F65C-BDDD-458E-9488-1E7B8074D528}.Store|x64.Build.0 = Store|x64
		{73E6F65C-BDDD-458E-9488-1E7B8074D528}.Store|x86.ActiveCfg = Store|x86
		{73E6F65C-BDDD-458E-9488-1E7B8074D528}.Store|x86.Build.0 = Store|x86
		{E7973A8D-D937-4EC5-B4E5-D859F3DCAD80}.Debug|Any CPU.ActiveCfg = Debug|x64
		{E7973A8D-D937-4EC5-B4E5-D859F3DCAD80}.Debug|Any CPU.Build.0 = Debug|x64
		{E7973A8D-D937-4EC5-B4E5-D859F3DCAD80}.Debug|arm64.ActiveCfg = Debug|arm64
		{E7973A8D-D937-4EC5-B4E5-D859F3DCAD80}.Debug|arm64.Build.0 = Debug|arm64
		{E7973A8D-D937-4EC5-B4E5-D859F3DCAD80}.Debug|x64.ActiveCfg = Debug|x64
		{E7973A8D-D937-4EC5-B4E5-D859F3DCAD80}.Debug|x64.Build.0 = Debug|x64
		{E7973A8D-D937-4EC5-B4E5-D859F3DCAD80}.Debug|x86.ActiveCfg = Debug|x86
		{E7973A8D-D937-4EC5-B4E5-D859F3DCAD80}.Debug|x86.Build.0 = Debug|x86
		{E7973A8D-D937-4EC5-B4E5-D859F3DCAD80}.Preview|Any CPU.ActiveCfg = Preview|x64
		{E7973A8D-D937-4EC5-B4E5-D859F3DCAD80}.Preview|Any CPU.Build.0 = Preview|x64
		{E7973A8D-D937-4EC5-B4E5-D859F3DCAD80}.Preview|arm64.ActiveCfg = Preview|arm64
		{E7973A8D-D937-4EC5-B4E5-D859F3DCAD80}.Preview|arm64.Build.0 = Preview|arm64
		{E7973A8D-D937-4EC5-B4E5-D859F3DCAD80}.Preview|x64.ActiveCfg = Preview|x64
		{E7973A8D-D937-4EC5-B4E5-D859F3DCAD80}.Preview|x64.Build.0 = Preview|x64
		{E7973A8D-D937-4EC5-B4E5-D859F3DCAD80}.Preview|x86.ActiveCfg = Preview|x86
		{E7973A8D-D937-4EC5-B4E5-D859F3DCAD80}.Preview|x86.Build.0 = Preview|x86
		{E7973A8D-D937-4EC5-B4E5-D859F3DCAD80}.Release|Any CPU.ActiveCfg = Release|x64
		{E7973A8D-D937-4EC5-B4E5-D859F3DCAD80}.Release|Any CPU.Build.0 = Release|x64
		{E7973A8D-D937-4EC5-B4E5-D859F3DCAD80}.Release|arm64.ActiveCfg = Debug|arm64
		{E7973A8D-D937-4EC5-B4E5-D859F3DCAD80}.Release|arm64.Build.0 = Debug|arm64
		{E7973A8D-D937-4EC5-B4E5-D859F3DCAD80}.Release|x64.ActiveCfg = Debug|x64
		{E7973A8D-D937-4EC5-B4E5-D859F3DCAD80}.Release|x64.Build.0 = Debug|x64
		{E7973A8D-D937-4EC5-B4E5-D859F3DCAD80}.Release|x86.ActiveCfg = Debug|x86
		{E7973A8D-D937-4EC5-B4E5-D859F3DCAD80}.Release|x86.Build.0 = Debug|x86
		{E7973A8D-D937-4EC5-B4E5-D859F3DCAD80}.Stable|Any CPU.ActiveCfg = Stable|x64
		{E7973A8D-D937-4EC5-B4E5-D859F3DCAD80}.Stable|Any CPU.Build.0 = Stable|x64
		{E7973A8D-D937-4EC5-B4E5-D859F3DCAD80}.Stable|arm64.ActiveCfg = Stable|arm64
		{E7973A8D-D937-4EC5-B4E5-D859F3DCAD80}.Stable|arm64.Build.0 = Stable|arm64
		{E7973A8D-D937-4EC5-B4E5-D859F3DCAD80}.Stable|x64.ActiveCfg = Stable|x64
		{E7973A8D-D937-4EC5-B4E5-D859F3DCAD80}.Stable|x64.Build.0 = Stable|x64
		{E7973A8D-D937-4EC5-B4E5-D859F3DCAD80}.Stable|x86.ActiveCfg = Stable|x86
		{E7973A8D-D937-4EC5-B4E5-D859F3DCAD80}.Stable|x86.Build.0 = Stable|x86
		{E7973A8D-D937-4EC5-B4E5-D859F3DCAD80}.Store|Any CPU.ActiveCfg = Store|x64
		{E7973A8D-D937-4EC5-B4E5-D859F3DCAD80}.Store|Any CPU.Build.0 = Store|x64
		{E7973A8D-D937-4EC5-B4E5-D859F3DCAD80}.Store|arm64.ActiveCfg = Store|arm64
		{E7973A8D-D937-4EC5-B4E5-D859F3DCAD80}.Store|arm64.Build.0 = Store|arm64
		{E7973A8D-D937-4EC5-B4E5-D859F3DCAD80}.Store|x64.ActiveCfg = Store|x64
		{E7973A8D-D937-4EC5-B4E5-D859F3DCAD80}.Store|x64.Build.0 = Store|x64
		{E7973A8D-D937-4EC5-B4E5-D859F3DCAD80}.Store|x86.ActiveCfg = Store|x86
		{E7973A8D-D937-4EC5-B4E5-D859F3DCAD80}.Store|x86.Build.0 = Store|x86
		{93F159E6-FAA2-4F0E-AE44-E333895376AC}.Debug|Any CPU.ActiveCfg = Debug|Any CPU
		{93F159E6-FAA2-4F0E-AE44-E333895376AC}.Debug|Any CPU.Build.0 = Debug|Any CPU
		{93F159E6-FAA2-4F0E-AE44-E333895376AC}.Debug|arm64.ActiveCfg = Debug|arm64
		{93F159E6-FAA2-4F0E-AE44-E333895376AC}.Debug|arm64.Build.0 = Debug|arm64
		{93F159E6-FAA2-4F0E-AE44-E333895376AC}.Debug|x64.ActiveCfg = Debug|x64
		{93F159E6-FAA2-4F0E-AE44-E333895376AC}.Debug|x64.Build.0 = Debug|x64
		{93F159E6-FAA2-4F0E-AE44-E333895376AC}.Debug|x86.ActiveCfg = Debug|Any CPU
		{93F159E6-FAA2-4F0E-AE44-E333895376AC}.Debug|x86.Build.0 = Debug|Any CPU
		{93F159E6-FAA2-4F0E-AE44-E333895376AC}.Preview|Any CPU.ActiveCfg = Release|Any CPU
		{93F159E6-FAA2-4F0E-AE44-E333895376AC}.Preview|Any CPU.Build.0 = Release|Any CPU
		{93F159E6-FAA2-4F0E-AE44-E333895376AC}.Preview|arm64.ActiveCfg = Debug|Any CPU
		{93F159E6-FAA2-4F0E-AE44-E333895376AC}.Preview|arm64.Build.0 = Debug|Any CPU
		{93F159E6-FAA2-4F0E-AE44-E333895376AC}.Preview|x64.ActiveCfg = Debug|Any CPU
		{93F159E6-FAA2-4F0E-AE44-E333895376AC}.Preview|x64.Build.0 = Debug|Any CPU
		{93F159E6-FAA2-4F0E-AE44-E333895376AC}.Preview|x86.ActiveCfg = Debug|Any CPU
		{93F159E6-FAA2-4F0E-AE44-E333895376AC}.Preview|x86.Build.0 = Debug|Any CPU
		{93F159E6-FAA2-4F0E-AE44-E333895376AC}.Release|Any CPU.ActiveCfg = Release|Any CPU
		{93F159E6-FAA2-4F0E-AE44-E333895376AC}.Release|Any CPU.Build.0 = Release|Any CPU
		{93F159E6-FAA2-4F0E-AE44-E333895376AC}.Release|arm64.ActiveCfg = Release|arm64
		{93F159E6-FAA2-4F0E-AE44-E333895376AC}.Release|arm64.Build.0 = Release|arm64
		{93F159E6-FAA2-4F0E-AE44-E333895376AC}.Release|x64.ActiveCfg = Release|x64
		{93F159E6-FAA2-4F0E-AE44-E333895376AC}.Release|x64.Build.0 = Release|x64
		{93F159E6-FAA2-4F0E-AE44-E333895376AC}.Release|x86.ActiveCfg = Release|Any CPU
		{93F159E6-FAA2-4F0E-AE44-E333895376AC}.Release|x86.Build.0 = Release|Any CPU
		{93F159E6-FAA2-4F0E-AE44-E333895376AC}.Stable|Any CPU.ActiveCfg = Release|Any CPU
		{93F159E6-FAA2-4F0E-AE44-E333895376AC}.Stable|Any CPU.Build.0 = Release|Any CPU
		{93F159E6-FAA2-4F0E-AE44-E333895376AC}.Stable|arm64.ActiveCfg = Debug|Any CPU
		{93F159E6-FAA2-4F0E-AE44-E333895376AC}.Stable|arm64.Build.0 = Debug|Any CPU
		{93F159E6-FAA2-4F0E-AE44-E333895376AC}.Stable|x64.ActiveCfg = Debug|x64
		{93F159E6-FAA2-4F0E-AE44-E333895376AC}.Stable|x64.Build.0 = Debug|x64
		{93F159E6-FAA2-4F0E-AE44-E333895376AC}.Stable|x86.ActiveCfg = Debug|Any CPU
		{93F159E6-FAA2-4F0E-AE44-E333895376AC}.Stable|x86.Build.0 = Debug|Any CPU
		{93F159E6-FAA2-4F0E-AE44-E333895376AC}.Store|Any CPU.ActiveCfg = Release|Any CPU
		{93F159E6-FAA2-4F0E-AE44-E333895376AC}.Store|Any CPU.Build.0 = Release|Any CPU
		{93F159E6-FAA2-4F0E-AE44-E333895376AC}.Store|arm64.ActiveCfg = Debug|Any CPU
		{93F159E6-FAA2-4F0E-AE44-E333895376AC}.Store|arm64.Build.0 = Debug|Any CPU
		{93F159E6-FAA2-4F0E-AE44-E333895376AC}.Store|x64.ActiveCfg = Debug|Any CPU
		{93F159E6-FAA2-4F0E-AE44-E333895376AC}.Store|x64.Build.0 = Debug|Any CPU
		{93F159E6-FAA2-4F0E-AE44-E333895376AC}.Store|x86.ActiveCfg = Debug|Any CPU
		{93F159E6-FAA2-4F0E-AE44-E333895376AC}.Store|x86.Build.0 = Debug|Any CPU
		{51621AFC-B275-448F-B611-E467C100712F}.Debug|Any CPU.ActiveCfg = Debug|Any CPU
		{51621AFC-B275-448F-B611-E467C100712F}.Debug|Any CPU.Build.0 = Debug|Any CPU
		{51621AFC-B275-448F-B611-E467C100712F}.Debug|arm64.ActiveCfg = Debug|arm64
		{51621AFC-B275-448F-B611-E467C100712F}.Debug|arm64.Build.0 = Debug|arm64
		{51621AFC-B275-448F-B611-E467C100712F}.Debug|x64.ActiveCfg = Debug|x64
		{51621AFC-B275-448F-B611-E467C100712F}.Debug|x64.Build.0 = Debug|x64
		{51621AFC-B275-448F-B611-E467C100712F}.Debug|x86.ActiveCfg = Debug|Any CPU
		{51621AFC-B275-448F-B611-E467C100712F}.Debug|x86.Build.0 = Debug|Any CPU
		{51621AFC-B275-448F-B611-E467C100712F}.Preview|Any CPU.ActiveCfg = Release|Any CPU
		{51621AFC-B275-448F-B611-E467C100712F}.Preview|Any CPU.Build.0 = Release|Any CPU
		{51621AFC-B275-448F-B611-E467C100712F}.Preview|arm64.ActiveCfg = Debug|Any CPU
		{51621AFC-B275-448F-B611-E467C100712F}.Preview|arm64.Build.0 = Debug|Any CPU
		{51621AFC-B275-448F-B611-E467C100712F}.Preview|x64.ActiveCfg = Debug|Any CPU
		{51621AFC-B275-448F-B611-E467C100712F}.Preview|x64.Build.0 = Debug|Any CPU
		{51621AFC-B275-448F-B611-E467C100712F}.Preview|x86.ActiveCfg = Debug|Any CPU
		{51621AFC-B275-448F-B611-E467C100712F}.Preview|x86.Build.0 = Debug|Any CPU
		{51621AFC-B275-448F-B611-E467C100712F}.Release|Any CPU.ActiveCfg = Release|Any CPU
		{51621AFC-B275-448F-B611-E467C100712F}.Release|Any CPU.Build.0 = Release|Any CPU
		{51621AFC-B275-448F-B611-E467C100712F}.Release|arm64.ActiveCfg = Release|arm64
		{51621AFC-B275-448F-B611-E467C100712F}.Release|arm64.Build.0 = Release|arm64
		{51621AFC-B275-448F-B611-E467C100712F}.Release|x64.ActiveCfg = Release|x64
		{51621AFC-B275-448F-B611-E467C100712F}.Release|x64.Build.0 = Release|x64
		{51621AFC-B275-448F-B611-E467C100712F}.Release|x86.ActiveCfg = Release|Any CPU
		{51621AFC-B275-448F-B611-E467C100712F}.Release|x86.Build.0 = Release|Any CPU
		{51621AFC-B275-448F-B611-E467C100712F}.Stable|Any CPU.ActiveCfg = Release|Any CPU
		{51621AFC-B275-448F-B611-E467C100712F}.Stable|Any CPU.Build.0 = Release|Any CPU
		{51621AFC-B275-448F-B611-E467C100712F}.Stable|arm64.ActiveCfg = Debug|Any CPU
		{51621AFC-B275-448F-B611-E467C100712F}.Stable|arm64.Build.0 = Debug|Any CPU
		{51621AFC-B275-448F-B611-E467C100712F}.Stable|x64.ActiveCfg = Debug|x64
		{51621AFC-B275-448F-B611-E467C100712F}.Stable|x64.Build.0 = Debug|x64
		{51621AFC-B275-448F-B611-E467C100712F}.Stable|x86.ActiveCfg = Debug|Any CPU
		{51621AFC-B275-448F-B611-E467C100712F}.Stable|x86.Build.0 = Debug|Any CPU
		{51621AFC-B275-448F-B611-E467C100712F}.Store|Any CPU.ActiveCfg = Release|Any CPU
		{51621AFC-B275-448F-B611-E467C100712F}.Store|Any CPU.Build.0 = Release|Any CPU
		{51621AFC-B275-448F-B611-E467C100712F}.Store|arm64.ActiveCfg = Debug|Any CPU
		{51621AFC-B275-448F-B611-E467C100712F}.Store|arm64.Build.0 = Debug|Any CPU
		{51621AFC-B275-448F-B611-E467C100712F}.Store|x64.ActiveCfg = Debug|Any CPU
		{51621AFC-B275-448F-B611-E467C100712F}.Store|x64.Build.0 = Debug|Any CPU
		{51621AFC-B275-448F-B611-E467C100712F}.Store|x86.ActiveCfg = Debug|Any CPU
		{51621AFC-B275-448F-B611-E467C100712F}.Store|x86.Build.0 = Debug|Any CPU
		{3E989401-28D8-42F3-A688-D46D2388517B}.Debug|Any CPU.ActiveCfg = Debug|Any CPU
		{3E989401-28D8-42F3-A688-D46D2388517B}.Debug|Any CPU.Build.0 = Debug|Any CPU
		{3E989401-28D8-42F3-A688-D46D2388517B}.Debug|arm64.ActiveCfg = Debug|Any CPU
		{3E989401-28D8-42F3-A688-D46D2388517B}.Debug|arm64.Build.0 = Debug|Any CPU
		{3E989401-28D8-42F3-A688-D46D2388517B}.Debug|x64.ActiveCfg = Debug|Any CPU
		{3E989401-28D8-42F3-A688-D46D2388517B}.Debug|x64.Build.0 = Debug|Any CPU
		{3E989401-28D8-42F3-A688-D46D2388517B}.Debug|x86.ActiveCfg = Debug|Any CPU
		{3E989401-28D8-42F3-A688-D46D2388517B}.Debug|x86.Build.0 = Debug|Any CPU
		{3E989401-28D8-42F3-A688-D46D2388517B}.Preview|Any CPU.ActiveCfg = Release|Any CPU
		{3E989401-28D8-42F3-A688-D46D2388517B}.Preview|Any CPU.Build.0 = Release|Any CPU
		{3E989401-28D8-42F3-A688-D46D2388517B}.Preview|arm64.ActiveCfg = Debug|Any CPU
		{3E989401-28D8-42F3-A688-D46D2388517B}.Preview|arm64.Build.0 = Debug|Any CPU
		{3E989401-28D8-42F3-A688-D46D2388517B}.Preview|x64.ActiveCfg = Debug|Any CPU
		{3E989401-28D8-42F3-A688-D46D2388517B}.Preview|x64.Build.0 = Debug|Any CPU
		{3E989401-28D8-42F3-A688-D46D2388517B}.Preview|x86.ActiveCfg = Debug|Any CPU
		{3E989401-28D8-42F3-A688-D46D2388517B}.Preview|x86.Build.0 = Debug|Any CPU
		{3E989401-28D8-42F3-A688-D46D2388517B}.Release|Any CPU.ActiveCfg = Release|Any CPU
		{3E989401-28D8-42F3-A688-D46D2388517B}.Release|Any CPU.Build.0 = Release|Any CPU
		{3E989401-28D8-42F3-A688-D46D2388517B}.Release|arm64.ActiveCfg = Release|Any CPU
		{3E989401-28D8-42F3-A688-D46D2388517B}.Release|arm64.Build.0 = Release|Any CPU
		{3E989401-28D8-42F3-A688-D46D2388517B}.Release|x64.ActiveCfg = Release|Any CPU
		{3E989401-28D8-42F3-A688-D46D2388517B}.Release|x64.Build.0 = Release|Any CPU
		{3E989401-28D8-42F3-A688-D46D2388517B}.Release|x86.ActiveCfg = Release|Any CPU
		{3E989401-28D8-42F3-A688-D46D2388517B}.Release|x86.Build.0 = Release|Any CPU
		{3E989401-28D8-42F3-A688-D46D2388517B}.Stable|Any CPU.ActiveCfg = Release|Any CPU
		{3E989401-28D8-42F3-A688-D46D2388517B}.Stable|Any CPU.Build.0 = Release|Any CPU
		{3E989401-28D8-42F3-A688-D46D2388517B}.Stable|arm64.ActiveCfg = Debug|Any CPU
		{3E989401-28D8-42F3-A688-D46D2388517B}.Stable|arm64.Build.0 = Debug|Any CPU
		{3E989401-28D8-42F3-A688-D46D2388517B}.Stable|x64.ActiveCfg = Debug|x64
		{3E989401-28D8-42F3-A688-D46D2388517B}.Stable|x64.Build.0 = Debug|x64
		{3E989401-28D8-42F3-A688-D46D2388517B}.Stable|x86.ActiveCfg = Debug|Any CPU
		{3E989401-28D8-42F3-A688-D46D2388517B}.Stable|x86.Build.0 = Debug|Any CPU
		{3E989401-28D8-42F3-A688-D46D2388517B}.Store|Any CPU.ActiveCfg = Release|Any CPU
		{3E989401-28D8-42F3-A688-D46D2388517B}.Store|Any CPU.Build.0 = Release|Any CPU
		{3E989401-28D8-42F3-A688-D46D2388517B}.Store|arm64.ActiveCfg = Debug|Any CPU
		{3E989401-28D8-42F3-A688-D46D2388517B}.Store|arm64.Build.0 = Debug|Any CPU
		{3E989401-28D8-42F3-A688-D46D2388517B}.Store|x64.ActiveCfg = Debug|Any CPU
		{3E989401-28D8-42F3-A688-D46D2388517B}.Store|x64.Build.0 = Debug|Any CPU
		{3E989401-28D8-42F3-A688-D46D2388517B}.Store|x86.ActiveCfg = Debug|Any CPU
		{3E989401-28D8-42F3-A688-D46D2388517B}.Store|x86.Build.0 = Debug|Any CPU
		{06B7ACD0-80E5-4293-B3EB-D51F702650C9}.Debug|Any CPU.ActiveCfg = Debug|Any CPU
		{06B7ACD0-80E5-4293-B3EB-D51F702650C9}.Debug|Any CPU.Build.0 = Debug|Any CPU
		{06B7ACD0-80E5-4293-B3EB-D51F702650C9}.Debug|arm64.ActiveCfg = Debug|Any CPU
		{06B7ACD0-80E5-4293-B3EB-D51F702650C9}.Debug|arm64.Build.0 = Debug|Any CPU
		{06B7ACD0-80E5-4293-B3EB-D51F702650C9}.Debug|x64.ActiveCfg = Debug|Any CPU
		{06B7ACD0-80E5-4293-B3EB-D51F702650C9}.Debug|x64.Build.0 = Debug|Any CPU
		{06B7ACD0-80E5-4293-B3EB-D51F702650C9}.Debug|x86.ActiveCfg = Debug|Any CPU
		{06B7ACD0-80E5-4293-B3EB-D51F702650C9}.Debug|x86.Build.0 = Debug|Any CPU
		{06B7ACD0-80E5-4293-B3EB-D51F702650C9}.Preview|Any CPU.ActiveCfg = Debug|Any CPU
		{06B7ACD0-80E5-4293-B3EB-D51F702650C9}.Preview|Any CPU.Build.0 = Debug|Any CPU
		{06B7ACD0-80E5-4293-B3EB-D51F702650C9}.Preview|arm64.ActiveCfg = Debug|Any CPU
		{06B7ACD0-80E5-4293-B3EB-D51F702650C9}.Preview|arm64.Build.0 = Debug|Any CPU
		{06B7ACD0-80E5-4293-B3EB-D51F702650C9}.Preview|x64.ActiveCfg = Debug|Any CPU
		{06B7ACD0-80E5-4293-B3EB-D51F702650C9}.Preview|x64.Build.0 = Debug|Any CPU
		{06B7ACD0-80E5-4293-B3EB-D51F702650C9}.Preview|x86.ActiveCfg = Debug|Any CPU
		{06B7ACD0-80E5-4293-B3EB-D51F702650C9}.Preview|x86.Build.0 = Debug|Any CPU
		{06B7ACD0-80E5-4293-B3EB-D51F702650C9}.Release|Any CPU.ActiveCfg = Release|Any CPU
		{06B7ACD0-80E5-4293-B3EB-D51F702650C9}.Release|Any CPU.Build.0 = Release|Any CPU
		{06B7ACD0-80E5-4293-B3EB-D51F702650C9}.Release|arm64.ActiveCfg = Release|Any CPU
		{06B7ACD0-80E5-4293-B3EB-D51F702650C9}.Release|arm64.Build.0 = Release|Any CPU
		{06B7ACD0-80E5-4293-B3EB-D51F702650C9}.Release|x64.ActiveCfg = Release|Any CPU
		{06B7ACD0-80E5-4293-B3EB-D51F702650C9}.Release|x64.Build.0 = Release|Any CPU
		{06B7ACD0-80E5-4293-B3EB-D51F702650C9}.Release|x86.ActiveCfg = Release|Any CPU
		{06B7ACD0-80E5-4293-B3EB-D51F702650C9}.Release|x86.Build.0 = Release|Any CPU
		{06B7ACD0-80E5-4293-B3EB-D51F702650C9}.Stable|Any CPU.ActiveCfg = Debug|Any CPU
		{06B7ACD0-80E5-4293-B3EB-D51F702650C9}.Stable|Any CPU.Build.0 = Debug|Any CPU
		{06B7ACD0-80E5-4293-B3EB-D51F702650C9}.Stable|arm64.ActiveCfg = Debug|Any CPU
		{06B7ACD0-80E5-4293-B3EB-D51F702650C9}.Stable|arm64.Build.0 = Debug|Any CPU
		{06B7ACD0-80E5-4293-B3EB-D51F702650C9}.Stable|x64.ActiveCfg = Debug|Any CPU
		{06B7ACD0-80E5-4293-B3EB-D51F702650C9}.Stable|x64.Build.0 = Debug|Any CPU
		{06B7ACD0-80E5-4293-B3EB-D51F702650C9}.Stable|x86.ActiveCfg = Debug|Any CPU
		{06B7ACD0-80E5-4293-B3EB-D51F702650C9}.Stable|x86.Build.0 = Debug|Any CPU
		{06B7ACD0-80E5-4293-B3EB-D51F702650C9}.Store|Any CPU.ActiveCfg = Debug|Any CPU
		{06B7ACD0-80E5-4293-B3EB-D51F702650C9}.Store|Any CPU.Build.0 = Debug|Any CPU
		{06B7ACD0-80E5-4293-B3EB-D51F702650C9}.Store|arm64.ActiveCfg = Debug|Any CPU
		{06B7ACD0-80E5-4293-B3EB-D51F702650C9}.Store|arm64.Build.0 = Debug|Any CPU
		{06B7ACD0-80E5-4293-B3EB-D51F702650C9}.Store|x64.ActiveCfg = Debug|Any CPU
		{06B7ACD0-80E5-4293-B3EB-D51F702650C9}.Store|x64.Build.0 = Debug|Any CPU
		{06B7ACD0-80E5-4293-B3EB-D51F702650C9}.Store|x86.ActiveCfg = Debug|Any CPU
		{06B7ACD0-80E5-4293-B3EB-D51F702650C9}.Store|x86.Build.0 = Debug|Any CPU
		{1A64F540-7248-4F33-B743-FAB2E8AD2472}.Debug|Any CPU.ActiveCfg = Debug|Any CPU
		{1A64F540-7248-4F33-B743-FAB2E8AD2472}.Debug|Any CPU.Build.0 = Debug|Any CPU
		{1A64F540-7248-4F33-B743-FAB2E8AD2472}.Debug|arm64.ActiveCfg = Debug|Any CPU
		{1A64F540-7248-4F33-B743-FAB2E8AD2472}.Debug|arm64.Build.0 = Debug|Any CPU
		{1A64F540-7248-4F33-B743-FAB2E8AD2472}.Debug|x64.ActiveCfg = Debug|Any CPU
		{1A64F540-7248-4F33-B743-FAB2E8AD2472}.Debug|x64.Build.0 = Debug|Any CPU
		{1A64F540-7248-4F33-B743-FAB2E8AD2472}.Debug|x86.ActiveCfg = Debug|Any CPU
		{1A64F540-7248-4F33-B743-FAB2E8AD2472}.Debug|x86.Build.0 = Debug|Any CPU
		{1A64F540-7248-4F33-B743-FAB2E8AD2472}.Preview|Any CPU.ActiveCfg = Debug|Any CPU
		{1A64F540-7248-4F33-B743-FAB2E8AD2472}.Preview|Any CPU.Build.0 = Debug|Any CPU
		{1A64F540-7248-4F33-B743-FAB2E8AD2472}.Preview|arm64.ActiveCfg = Debug|Any CPU
		{1A64F540-7248-4F33-B743-FAB2E8AD2472}.Preview|arm64.Build.0 = Debug|Any CPU
		{1A64F540-7248-4F33-B743-FAB2E8AD2472}.Preview|x64.ActiveCfg = Debug|Any CPU
		{1A64F540-7248-4F33-B743-FAB2E8AD2472}.Preview|x64.Build.0 = Debug|Any CPU
		{1A64F540-7248-4F33-B743-FAB2E8AD2472}.Preview|x86.ActiveCfg = Debug|Any CPU
		{1A64F540-7248-4F33-B743-FAB2E8AD2472}.Preview|x86.Build.0 = Debug|Any CPU
		{1A64F540-7248-4F33-B743-FAB2E8AD2472}.Release|Any CPU.ActiveCfg = Release|Any CPU
		{1A64F540-7248-4F33-B743-FAB2E8AD2472}.Release|Any CPU.Build.0 = Release|Any CPU
		{1A64F540-7248-4F33-B743-FAB2E8AD2472}.Release|arm64.ActiveCfg = Release|Any CPU
		{1A64F540-7248-4F33-B743-FAB2E8AD2472}.Release|arm64.Build.0 = Release|Any CPU
		{1A64F540-7248-4F33-B743-FAB2E8AD2472}.Release|x64.ActiveCfg = Release|Any CPU
		{1A64F540-7248-4F33-B743-FAB2E8AD2472}.Release|x64.Build.0 = Release|Any CPU
		{1A64F540-7248-4F33-B743-FAB2E8AD2472}.Release|x86.ActiveCfg = Release|Any CPU
		{1A64F540-7248-4F33-B743-FAB2E8AD2472}.Release|x86.Build.0 = Release|Any CPU
		{1A64F540-7248-4F33-B743-FAB2E8AD2472}.Stable|Any CPU.ActiveCfg = Debug|Any CPU
		{1A64F540-7248-4F33-B743-FAB2E8AD2472}.Stable|Any CPU.Build.0 = Debug|Any CPU
		{1A64F540-7248-4F33-B743-FAB2E8AD2472}.Stable|arm64.ActiveCfg = Debug|Any CPU
		{1A64F540-7248-4F33-B743-FAB2E8AD2472}.Stable|arm64.Build.0 = Debug|Any CPU
		{1A64F540-7248-4F33-B743-FAB2E8AD2472}.Stable|x64.ActiveCfg = Debug|Any CPU
		{1A64F540-7248-4F33-B743-FAB2E8AD2472}.Stable|x64.Build.0 = Debug|Any CPU
		{1A64F540-7248-4F33-B743-FAB2E8AD2472}.Stable|x86.ActiveCfg = Debug|Any CPU
		{1A64F540-7248-4F33-B743-FAB2E8AD2472}.Stable|x86.Build.0 = Debug|Any CPU
		{1A64F540-7248-4F33-B743-FAB2E8AD2472}.Store|Any CPU.ActiveCfg = Debug|Any CPU
		{1A64F540-7248-4F33-B743-FAB2E8AD2472}.Store|Any CPU.Build.0 = Debug|Any CPU
		{1A64F540-7248-4F33-B743-FAB2E8AD2472}.Store|arm64.ActiveCfg = Debug|Any CPU
		{1A64F540-7248-4F33-B743-FAB2E8AD2472}.Store|arm64.Build.0 = Debug|Any CPU
		{1A64F540-7248-4F33-B743-FAB2E8AD2472}.Store|x64.ActiveCfg = Debug|Any CPU
		{1A64F540-7248-4F33-B743-FAB2E8AD2472}.Store|x64.Build.0 = Debug|Any CPU
		{1A64F540-7248-4F33-B743-FAB2E8AD2472}.Store|x86.ActiveCfg = Debug|Any CPU
		{1A64F540-7248-4F33-B743-FAB2E8AD2472}.Store|x86.Build.0 = Debug|Any CPU
		{DACBDD78-E8E9-4316-A2B2-7A2079237240}.Debug|Any CPU.ActiveCfg = Debug|x64
		{DACBDD78-E8E9-4316-A2B2-7A2079237240}.Debug|Any CPU.Build.0 = Debug|x64
		{DACBDD78-E8E9-4316-A2B2-7A2079237240}.Debug|arm64.ActiveCfg = Debug|arm64
		{DACBDD78-E8E9-4316-A2B2-7A2079237240}.Debug|arm64.Build.0 = Debug|arm64
		{DACBDD78-E8E9-4316-A2B2-7A2079237240}.Debug|x64.ActiveCfg = Debug|x64
		{DACBDD78-E8E9-4316-A2B2-7A2079237240}.Debug|x64.Build.0 = Debug|x64
		{DACBDD78-E8E9-4316-A2B2-7A2079237240}.Debug|x86.ActiveCfg = Debug|x86
		{DACBDD78-E8E9-4316-A2B2-7A2079237240}.Debug|x86.Build.0 = Debug|x86
		{DACBDD78-E8E9-4316-A2B2-7A2079237240}.Preview|Any CPU.ActiveCfg = Debug|x64
		{DACBDD78-E8E9-4316-A2B2-7A2079237240}.Preview|Any CPU.Build.0 = Debug|x64
		{DACBDD78-E8E9-4316-A2B2-7A2079237240}.Preview|arm64.ActiveCfg = Debug|arm64
		{DACBDD78-E8E9-4316-A2B2-7A2079237240}.Preview|arm64.Build.0 = Debug|arm64
		{DACBDD78-E8E9-4316-A2B2-7A2079237240}.Preview|x64.ActiveCfg = Debug|x64
		{DACBDD78-E8E9-4316-A2B2-7A2079237240}.Preview|x64.Build.0 = Debug|x64
		{DACBDD78-E8E9-4316-A2B2-7A2079237240}.Preview|x86.ActiveCfg = Debug|x86
		{DACBDD78-E8E9-4316-A2B2-7A2079237240}.Preview|x86.Build.0 = Debug|x86
		{DACBDD78-E8E9-4316-A2B2-7A2079237240}.Release|Any CPU.ActiveCfg = Release|x64
		{DACBDD78-E8E9-4316-A2B2-7A2079237240}.Release|Any CPU.Build.0 = Release|x64
		{DACBDD78-E8E9-4316-A2B2-7A2079237240}.Release|arm64.ActiveCfg = Release|arm64
		{DACBDD78-E8E9-4316-A2B2-7A2079237240}.Release|arm64.Build.0 = Release|arm64
		{DACBDD78-E8E9-4316-A2B2-7A2079237240}.Release|x64.ActiveCfg = Release|x64
		{DACBDD78-E8E9-4316-A2B2-7A2079237240}.Release|x64.Build.0 = Release|x64
		{DACBDD78-E8E9-4316-A2B2-7A2079237240}.Release|x86.ActiveCfg = Release|x86
		{DACBDD78-E8E9-4316-A2B2-7A2079237240}.Release|x86.Build.0 = Release|x86
		{DACBDD78-E8E9-4316-A2B2-7A2079237240}.Stable|Any CPU.ActiveCfg = Debug|x64
		{DACBDD78-E8E9-4316-A2B2-7A2079237240}.Stable|Any CPU.Build.0 = Debug|x64
		{DACBDD78-E8E9-4316-A2B2-7A2079237240}.Stable|arm64.ActiveCfg = Debug|arm64
		{DACBDD78-E8E9-4316-A2B2-7A2079237240}.Stable|arm64.Build.0 = Debug|arm64
		{DACBDD78-E8E9-4316-A2B2-7A2079237240}.Stable|x64.ActiveCfg = Debug|x64
		{DACBDD78-E8E9-4316-A2B2-7A2079237240}.Stable|x64.Build.0 = Debug|x64
		{DACBDD78-E8E9-4316-A2B2-7A2079237240}.Stable|x86.ActiveCfg = Debug|x86
		{DACBDD78-E8E9-4316-A2B2-7A2079237240}.Stable|x86.Build.0 = Debug|x86
		{DACBDD78-E8E9-4316-A2B2-7A2079237240}.Store|Any CPU.ActiveCfg = Debug|x64
		{DACBDD78-E8E9-4316-A2B2-7A2079237240}.Store|Any CPU.Build.0 = Debug|x64
		{DACBDD78-E8E9-4316-A2B2-7A2079237240}.Store|arm64.ActiveCfg = Debug|arm64
		{DACBDD78-E8E9-4316-A2B2-7A2079237240}.Store|arm64.Build.0 = Debug|arm64
		{DACBDD78-E8E9-4316-A2B2-7A2079237240}.Store|x64.ActiveCfg = Debug|x64
		{DACBDD78-E8E9-4316-A2B2-7A2079237240}.Store|x64.Build.0 = Debug|x64
		{DACBDD78-E8E9-4316-A2B2-7A2079237240}.Store|x86.ActiveCfg = Debug|x86
		{DACBDD78-E8E9-4316-A2B2-7A2079237240}.Store|x86.Build.0 = Debug|x86
		{E02BCC08-49C6-49D1-867D-C66BD3E44B0B}.Debug|Any CPU.ActiveCfg = Debug|x64
		{E02BCC08-49C6-49D1-867D-C66BD3E44B0B}.Debug|Any CPU.Build.0 = Debug|x64
		{E02BCC08-49C6-49D1-867D-C66BD3E44B0B}.Debug|arm64.ActiveCfg = Debug|arm64
		{E02BCC08-49C6-49D1-867D-C66BD3E44B0B}.Debug|arm64.Build.0 = Debug|arm64
		{E02BCC08-49C6-49D1-867D-C66BD3E44B0B}.Debug|x64.ActiveCfg = Debug|x64
		{E02BCC08-49C6-49D1-867D-C66BD3E44B0B}.Debug|x64.Build.0 = Debug|x64
		{E02BCC08-49C6-49D1-867D-C66BD3E44B0B}.Debug|x86.ActiveCfg = Debug|x86
		{E02BCC08-49C6-49D1-867D-C66BD3E44B0B}.Debug|x86.Build.0 = Debug|x86
		{E02BCC08-49C6-49D1-867D-C66BD3E44B0B}.Preview|Any CPU.ActiveCfg = Debug|x64
		{E02BCC08-49C6-49D1-867D-C66BD3E44B0B}.Preview|Any CPU.Build.0 = Debug|x64
		{E02BCC08-49C6-49D1-867D-C66BD3E44B0B}.Preview|arm64.ActiveCfg = Debug|arm64
		{E02BCC08-49C6-49D1-867D-C66BD3E44B0B}.Preview|arm64.Build.0 = Debug|arm64
		{E02BCC08-49C6-49D1-867D-C66BD3E44B0B}.Preview|x64.ActiveCfg = Debug|x64
		{E02BCC08-49C6-49D1-867D-C66BD3E44B0B}.Preview|x64.Build.0 = Debug|x64
		{E02BCC08-49C6-49D1-867D-C66BD3E44B0B}.Preview|x86.ActiveCfg = Debug|x86
		{E02BCC08-49C6-49D1-867D-C66BD3E44B0B}.Preview|x86.Build.0 = Debug|x86
		{E02BCC08-49C6-49D1-867D-C66BD3E44B0B}.Release|Any CPU.ActiveCfg = Release|x64
		{E02BCC08-49C6-49D1-867D-C66BD3E44B0B}.Release|Any CPU.Build.0 = Release|x64
		{E02BCC08-49C6-49D1-867D-C66BD3E44B0B}.Release|arm64.ActiveCfg = Release|arm64
		{E02BCC08-49C6-49D1-867D-C66BD3E44B0B}.Release|arm64.Build.0 = Release|arm64
		{E02BCC08-49C6-49D1-867D-C66BD3E44B0B}.Release|x64.ActiveCfg = Release|x64
		{E02BCC08-49C6-49D1-867D-C66BD3E44B0B}.Release|x64.Build.0 = Release|x64
		{E02BCC08-49C6-49D1-867D-C66BD3E44B0B}.Release|x86.ActiveCfg = Release|x86
		{E02BCC08-49C6-49D1-867D-C66BD3E44B0B}.Release|x86.Build.0 = Release|x86
		{E02BCC08-49C6-49D1-867D-C66BD3E44B0B}.Stable|Any CPU.ActiveCfg = Debug|x64
		{E02BCC08-49C6-49D1-867D-C66BD3E44B0B}.Stable|Any CPU.Build.0 = Debug|x64
		{E02BCC08-49C6-49D1-867D-C66BD3E44B0B}.Stable|arm64.ActiveCfg = Debug|arm64
		{E02BCC08-49C6-49D1-867D-C66BD3E44B0B}.Stable|arm64.Build.0 = Debug|arm64
		{E02BCC08-49C6-49D1-867D-C66BD3E44B0B}.Stable|x64.ActiveCfg = Debug|x64
		{E02BCC08-49C6-49D1-867D-C66BD3E44B0B}.Stable|x64.Build.0 = Debug|x64
		{E02BCC08-49C6-49D1-867D-C66BD3E44B0B}.Stable|x86.ActiveCfg = Debug|x86
		{E02BCC08-49C6-49D1-867D-C66BD3E44B0B}.Stable|x86.Build.0 = Debug|x86
		{E02BCC08-49C6-49D1-867D-C66BD3E44B0B}.Store|Any CPU.ActiveCfg = Debug|x64
		{E02BCC08-49C6-49D1-867D-C66BD3E44B0B}.Store|Any CPU.Build.0 = Debug|x64
		{E02BCC08-49C6-49D1-867D-C66BD3E44B0B}.Store|arm64.ActiveCfg = Debug|arm64
		{E02BCC08-49C6-49D1-867D-C66BD3E44B0B}.Store|arm64.Build.0 = Debug|arm64
		{E02BCC08-49C6-49D1-867D-C66BD3E44B0B}.Store|x64.ActiveCfg = Debug|x64
		{E02BCC08-49C6-49D1-867D-C66BD3E44B0B}.Store|x64.Build.0 = Debug|x64
		{E02BCC08-49C6-49D1-867D-C66BD3E44B0B}.Store|x86.ActiveCfg = Debug|x86
		{E02BCC08-49C6-49D1-867D-C66BD3E44B0B}.Store|x86.Build.0 = Debug|x86
	EndGlobalSection
	GlobalSection(SolutionProperties) = preSolution
		HideSolutionNode = FALSE
	EndGlobalSection
	GlobalSection(NestedProjects) = preSolution
		{47CA90EF-4296-407E-A135-BBE8748E0D9D} = {4D9A7785-EBE5-463C-AE65-7F4C41BDBC4F}
		{6C519B6D-BAE3-4C2E-B7AA-F5046C569032} = {4D9A7785-EBE5-463C-AE65-7F4C41BDBC4F}
		{73E6F65C-BDDD-458E-9488-1E7B8074D528} = {4D9A7785-EBE5-463C-AE65-7F4C41BDBC4F}
		{E7973A8D-D937-4EC5-B4E5-D859F3DCAD80} = {4D9A7785-EBE5-463C-AE65-7F4C41BDBC4F}
		{93F159E6-FAA2-4F0E-AE44-E333895376AC} = {7782F2C7-02E5-4BF0-88B5-14536FE15004}
		{3E989401-28D8-42F3-A688-D46D2388517B} = {4D9A7785-EBE5-463C-AE65-7F4C41BDBC4F}
		{4D9A7785-EBE5-463C-AE65-7F4C41BDBC4F} = {EF8A937D-DD77-46B9-A1B0-19C08E50762E}
		{7782F2C7-02E5-4BF0-88B5-14536FE15004} = {EF8A937D-DD77-46B9-A1B0-19C08E50762E}
		{1A64F540-7248-4F33-B743-FAB2E8AD2472} = {EF8A937D-DD77-46B9-A1B0-19C08E50762E}
	EndGlobalSection
	GlobalSection(ExtensibilityGlobals) = postSolution
		SolutionGuid = {2D804E2A-2048-4D07-B76B-AD8AFFA9516A}
	EndGlobalSection
EndGlobal
